
Microsoft Visual Studio Solution File, Format Version 12.00
# Visual Studio 2013
VisualStudioVersion = 12.0.21005.1
MinimumVisualStudioVersion = 10.0.40219.1
Project("{8BC9CEB8-8B4A-11D0-8D11-00A0C91BC942}") = "dbms", "dbms\dbms.vcxproj", "{BDD3CF89-4BD3-49C2-B2C4-20B4DE75FC00}"
EndProject
Project("{8BC9CEB8-8B4A-11D0-8D11-00A0C91BC942}") = "UnitTest1", "UnitTest1\UnitTest1.vcxproj", "{6FBF99F3-E9E3-493D-862E-47D15B922A62}"
EndProject
Global
	GlobalSection(SolutionConfigurationPlatforms) = preSolution
		Debug|Win32 = Debug|Win32
		Release|Win32 = Release|Win32
	EndGlobalSection
	GlobalSection(ProjectConfigurationPlatforms) = postSolution
		{BDD3CF89-4BD3-49C2-B2C4-20B4DE75FC00}.Debug|Win32.ActiveCfg = Debug|Win32
		{BDD3CF89-4BD3-49C2-B2C4-20B4DE75FC00}.Debug|Win32.Build.0 = Debug|Win32
		{BDD3CF89-4BD3-49C2-B2C4-20B4DE75FC00}.Release|Win32.ActiveCfg = Release|Win32
		{BDD3CF89-4BD3-49C2-B2C4-20B4DE75FC00}.Release|Win32.Build.0 = Release|Win32
		{6FBF99F3-E9E3-493D-862E-47D15B922A62}.Debug|Win32.ActiveCfg = Debug|Win32
		{6FBF99F3-E9E3-493D-862E-47D15B922A62}.Debug|Win32.Build.0 = Debug|Win32
		{6FBF99F3-E9E3-493D-862E-47D15B922A62}.Release|Win32.ActiveCfg = Release|Win32
		{6FBF99F3-E9E3-493D-862E-47D15B922A62}.Release|Win32.Build.0 = Release|Win32
	EndGlobalSection
	GlobalSection(SolutionProperties) = preSolution
		HideSolutionNode = FALSE
	EndGlobalSection
EndGlobal
